
Microsoft Visual Studio Solution File, Format Version 12.00
# Visual Studio Version 17
VisualStudioVersion = 17.3.32929.385
MinimumVisualStudioVersion = 10.0.40219.1
Project("{FAE04EC0-301F-11D3-BF4B-00C04F79EFBC}") = "281222", "281222\281222.csproj", "{724734E5-45A7-4226-AC11-CEB1804B7DF0}"
EndProject
Global
	GlobalSection(SolutionConfigurationPlatforms) = preSolution
		Debug|Any CPU = Debug|Any CPU
		Release|Any CPU = Release|Any CPU
	EndGlobalSection
	GlobalSection(ProjectConfigurationPlatforms) = postSolution
		{724734E5-45A7-4226-AC11-CEB1804B7DF0}.Debug|Any CPU.ActiveCfg = Debug|Any CPU
		{724734E5-45A7-4226-AC11-CEB1804B7DF0}.Debug|Any CPU.Build.0 = Debug|Any CPU
		{724734E5-45A7-4226-AC11-CEB1804B7DF0}.Release|Any CPU.ActiveCfg = Release|Any CPU
		{724734E5-45A7-4226-AC11-CEB1804B7DF0}.Release|Any CPU.Build.0 = Release|Any CPU
	EndGlobalSection
	GlobalSection(SolutionProperties) = preSolution
		HideSolutionNode = FALSE
	EndGlobalSection
	GlobalSection(ExtensibilityGlobals) = postSolution
		SolutionGuid = {A7CC385E-73F9-49F5-A082-94B44177D8E8}
	EndGlobalSection
EndGlobal
